// !$*UTF8*$!
{
	archiveVersion = 1;
	classes = {
	};
	objectVersion = 48;
	objects = {

/* Begin PBXBuildFile section */
		B53D9ABE20469A5A0091B931 /* TestViewController.m in Sources */ = {isa = PBXBuildFile; fileRef = B53D9ABD20469A5A0091B931 /* TestViewController.m */; };
		B584E1222046851700CF2A2E /* AppDelegate.m in Sources */ = {isa = PBXBuildFile; fileRef = B584E1212046851700CF2A2E /* AppDelegate.m */; };
		B584E1252046851700CF2A2E /* ViewController.m in Sources */ = {isa = PBXBuildFile; fileRef = B584E1242046851700CF2A2E /* ViewController.m */; };
		B584E1282046851700CF2A2E /* Main.storyboard in Resources */ = {isa = PBXBuildFile; fileRef = B584E1262046851700CF2A2E /* Main.storyboard */; };
		B584E12A2046851700CF2A2E /* Assets.xcassets in Resources */ = {isa = PBXBuildFile; fileRef = B584E1292046851700CF2A2E /* Assets.xcassets */; };
		B584E12D2046851700CF2A2E /* LaunchScreen.storyboard in Resources */ = {isa = PBXBuildFile; fileRef = B584E12B2046851700CF2A2E /* LaunchScreen.storyboard */; };
		B584E1302046851700CF2A2E /* main.m in Sources */ = {isa = PBXBuildFile; fileRef = B584E12F2046851700CF2A2E /* main.m */; };
		B584E13A2046851700CF2A2E /* gitDemoTests.m in Sources */ = {isa = PBXBuildFile; fileRef = B584E1392046851700CF2A2E /* gitDemoTests.m */; };
		B584E1452046851700CF2A2E /* gitDemoUITests.m in Sources */ = {isa = PBXBuildFile; fileRef = B584E1442046851700CF2A2E /* gitDemoUITests.m */; };
/* End PBXBuildFile section */

/* Begin PBXContainerItemProxy section */
		B584E1362046851700CF2A2E /* PBXContainerItemProxy */ = {
			isa = PBXContainerItemProxy;
			containerPortal = B584E1152046851700CF2A2E /* Project object */;
			proxyType = 1;
			remoteGlobalIDString = B584E11C2046851700CF2A2E;
			remoteInfo = gitDemo;
		};
		B584E1412046851700CF2A2E /* PBXContainerItemProxy */ = {
			isa = PBXContainerItemProxy;
			containerPortal = B584E1152046851700CF2A2E /* Project object */;
			proxyType = 1;
			remoteGlobalIDString = B584E11C2046851700CF2A2E;
			remoteInfo = gitDemo;
		};
/* End PBXContainerItemProxy section */

/* Begin PBXFileReference section */
		B53D9ABC20469A5A0091B931 /* TestViewController.h */ = {isa = PBXFileReference; lastKnownFileType = sourcecode.c.h; path = TestViewController.h; sourceTree = "<group>"; };
		B53D9ABD20469A5A0091B931 /* TestViewController.m */ = {isa = PBXFileReference; lastKnownFileType = sourcecode.c.objc; path = TestViewController.m; sourceTree = "<group>"; };
		B584E11D2046851700CF2A2E /* gitDemo.app */ = {isa = PBXFileReference; explicitFileType = wrapper.application; includeInIndex = 0; path = gitDemo.app; sourceTree = BUILT_PRODUCTS_DIR; };
		B584E1202046851700CF2A2E /* AppDelegate.h */ = {isa = PBXFileReference; lastKnownFileType = sourcecode.c.h; path = AppDelegate.h; sourceTree = "<group>"; };
		B584E1212046851700CF2A2E /* AppDelegate.m */ = {isa = PBXFileReference; lastKnownFileType = sourcecode.c.objc; path = AppDelegate.m; sourceTree = "<group>"; };
		B584E1232046851700CF2A2E /* ViewController.h */ = {isa = PBXFileReference; lastKnownFileType = sourcecode.c.h; path = ViewController.h; sourceTree = "<group>"; };
		B584E1242046851700CF2A2E /* ViewController.m */ = {isa = PBXFileReference; lastKnownFileType = sourcecode.c.objc; path = ViewController.m; sourceTree = "<group>"; };
		B584E1272046851700CF2A2E /* Base */ = {isa = PBXFileReference; lastKnownFileType = file.storyboard; name = Base; path = Base.lproj/Main.storyboard; sourceTree = "<group>"; };
		B584E1292046851700CF2A2E /* Assets.xcassets */ = {isa = PBXFileReference; lastKnownFileType = folder.assetcatalog; path = Assets.xcassets; sourceTree = "<group>"; };
		B584E12C2046851700CF2A2E /* Base */ = {isa = PBXFileReference; lastKnownFileType = file.storyboard; name = Base; path = Base.lproj/LaunchScreen.storyboard; sourceTree = "<group>"; };
		B584E12E2046851700CF2A2E /* Info.plist */ = {isa = PBXFileReference; lastKnownFileType = text.plist.xml; path = Info.plist; sourceTree = "<group>"; };
		B584E12F2046851700CF2A2E /* main.m */ = {isa = PBXFileReference; lastKnownFileType = sourcecode.c.objc; path = main.m; sourceTree = "<group>"; };
		B584E1352046851700CF2A2E /* gitDemoTests.xctest */ = {isa = PBXFileReference; explicitFileType = wrapper.cfbundle; includeInIndex = 0; path = gitDemoTests.xctest; sourceTree = BUILT_PRODUCTS_DIR; };
		B584E1392046851700CF2A2E /* gitDemoTests.m */ = {isa = PBXFileReference; lastKnownFileType = sourcecode.c.objc; path = gitDemoTests.m; sourceTree = "<group>"; };
		B584E13B2046851700CF2A2E /* Info.plist */ = {isa = PBXFileReference; lastKnownFileType = text.plist.xml; path = Info.plist; sourceTree = "<group>"; };
		B584E1402046851700CF2A2E /* gitDemoUITests.xctest */ = {isa = PBXFileReference; explicitFileType = wrapper.cfbundle; includeInIndex = 0; path = gitDemoUITests.xctest; sourceTree = BUILT_PRODUCTS_DIR; };
		B584E1442046851700CF2A2E /* gitDemoUITests.m */ = {isa = PBXFileReference; lastKnownFileType = sourcecode.c.objc; path = gitDemoUITests.m; sourceTree = "<group>"; };
		B584E1462046851700CF2A2E /* Info.plist */ = {isa = PBXFileReference; lastKnownFileType = text.plist.xml; path = Info.plist; sourceTree = "<group>"; };
/* End PBXFileReference section */

/* Begin PBXFrameworksBuildPhase section */
		B584E11A2046851700CF2A2E /* Frameworks */ = {
			isa = PBXFrameworksBuildPhase;
			buildActionMask = 2147483647;
			files = (
			);
			runOnlyForDeploymentPostprocessing = 0;
		};
		B584E1322046851700CF2A2E /* Frameworks */ = {
			isa = PBXFrameworksBuildPhase;
			buildActionMask = 2147483647;
			files = (
			);
			runOnlyForDeploymentPostprocessing = 0;
		};
		B584E13D2046851700CF2A2E /* Frameworks */ = {
			isa = PBXFrameworksBuildPhase;
			buildActionMask = 2147483647;
			files = (
			);
			runOnlyForDeploymentPostprocessing = 0;
		};
/* End PBXFrameworksBuildPhase section */

/* Begin PBXGroup section */
		B584E1142046851700CF2A2E = {
			isa = PBXGroup;
			children = (
				B584E11F2046851700CF2A2E /* gitDemo */,
				B584E1382046851700CF2A2E /* gitDemoTests */,
				B584E1432046851700CF2A2E /* gitDemoUITests */,
				B584E11E2046851700CF2A2E /* Products */,
			);
			sourceTree = "<group>";
		};
		B584E11E2046851700CF2A2E /* Products */ = {
			isa = PBXGroup;
			children = (
				B584E11D2046851700CF2A2E /* gitDemo.app */,
				B584E1352046851700CF2A2E /* gitDemoTests.xctest */,
				B584E1402046851700CF2A2E /* gitDemoUITests.xctest */,
			);
			name = Products;
			sourceTree = "<group>";
		};
		B584E11F2046851700CF2A2E /* gitDemo */ = {
			isa = PBXGroup;
			children = (
				B584E1202046851700CF2A2E /* AppDelegate.h */,
				B584E1212046851700CF2A2E /* AppDelegate.m */,
				B584E1232046851700CF2A2E /* ViewController.h */,
				B584E1242046851700CF2A2E /* ViewController.m */,
				B53D9ABC20469A5A0091B931 /* TestViewController.h */,
				B53D9ABD20469A5A0091B931 /* TestViewController.m */,
				B584E1262046851700CF2A2E /* Main.storyboard */,
				B584E1292046851700CF2A2E /* Assets.xcassets */,
				B584E12B2046851700CF2A2E /* LaunchScreen.storyboard */,
				B584E12E2046851700CF2A2E /* Info.plist */,
				B584E12F2046851700CF2A2E /* main.m */,
			);
			path = gitDemo;
			sourceTree = "<group>";
		};
		B584E1382046851700CF2A2E /* gitDemoTests */ = {
			isa = PBXGroup;
			children = (
				B584E1392046851700CF2A2E /* gitDemoTests.m */,
				B584E13B2046851700CF2A2E /* Info.plist */,
			);
			path = gitDemoTests;
			sourceTree = "<group>";
		};
		B584E1432046851700CF2A2E /* gitDemoUITests */ = {
			isa = PBXGroup;
			children = (
				B584E1442046851700CF2A2E /* gitDemoUITests.m */,
				B584E1462046851700CF2A2E /* Info.plist */,
			);
			path = gitDemoUITests;
			sourceTree = "<group>";
		};
/* End PBXGroup section */

/* Begin PBXNativeTarget section */
		B584E11C2046851700CF2A2E /* gitDemo */ = {
			isa = PBXNativeTarget;
			buildConfigurationList = B584E1492046851700CF2A2E /* Build configuration list for PBXNativeTarget "gitDemo" */;
			buildPhases = (
				B584E1192046851700CF2A2E /* Sources */,
				B584E11A2046851700CF2A2E /* Frameworks */,
				B584E11B2046851700CF2A2E /* Resources */,
			);
			buildRules = (
			);
			dependencies = (
			);
			name = gitDemo;
			productName = gitDemo;
			productReference = B584E11D2046851700CF2A2E /* gitDemo.app */;
			productType = "com.apple.product-type.application";
		};
		B584E1342046851700CF2A2E /* gitDemoTests */ = {
			isa = PBXNativeTarget;
			buildConfigurationList = B584E14C2046851700CF2A2E /* Build configuration list for PBXNativeTarget "gitDemoTests" */;
			buildPhases = (
				B584E1312046851700CF2A2E /* Sources */,
				B584E1322046851700CF2A2E /* Frameworks */,
				B584E1332046851700CF2A2E /* Resources */,
			);
			buildRules = (
			);
			dependencies = (
				B584E1372046851700CF2A2E /* PBXTargetDependency */,
			);
			name = gitDemoTests;
			productName = gitDemoTests;
			productReference = B584E1352046851700CF2A2E /* gitDemoTests.xctest */;
			productType = "com.apple.product-type.bundle.unit-test";
		};
		B584E13F2046851700CF2A2E /* gitDemoUITests */ = {
			isa = PBXNativeTarget;
			buildConfigurationList = B584E14F2046851700CF2A2E /* Build configuration list for PBXNativeTarget "gitDemoUITests" */;
			buildPhases = (
				B584E13C2046851700CF2A2E /* Sources */,
				B584E13D2046851700CF2A2E /* Frameworks */,
				B584E13E2046851700CF2A2E /* Resources */,
			);
			buildRules = (
			);
			dependencies = (
				B584E1422046851700CF2A2E /* PBXTargetDependency */,
			);
			name = gitDemoUITests;
			productName = gitDemoUITests;
			productReference = B584E1402046851700CF2A2E /* gitDemoUITests.xctest */;
			productType = "com.apple.product-type.bundle.ui-testing";
		};
/* End PBXNativeTarget section */

/* Begin PBXProject section */
		B584E1152046851700CF2A2E /* Project object */ = {
			isa = PBXProject;
			attributes = {
				LastUpgradeCheck = 0920;
				ORGANIZATIONNAME = "洪陪";
				TargetAttributes = {
					B584E11C2046851700CF2A2E = {
						CreatedOnToolsVersion = 9.2;
						ProvisioningStyle = Automatic;
					};
					B584E1342046851700CF2A2E = {
						CreatedOnToolsVersion = 9.2;
						ProvisioningStyle = Automatic;
						TestTargetID = B584E11C2046851700CF2A2E;
					};
					B584E13F2046851700CF2A2E = {
						CreatedOnToolsVersion = 9.2;
						ProvisioningStyle = Automatic;
						TestTargetID = B584E11C2046851700CF2A2E;
					};
				};
			};
			buildConfigurationList = B584E1182046851700CF2A2E /* Build configuration list for PBXProject "gitDemo" */;
			compatibilityVersion = "Xcode 8.0";
			developmentRegion = en;
			hasScannedForEncodings = 0;
			knownRegions = (
				en,
				Base,
			);
			mainGroup = B584E1142046851700CF2A2E;
			productRefGroup = B584E11E2046851700CF2A2E /* Products */;
			projectDirPath = "";
			projectRoot = "";
			targets = (
				B584E11C2046851700CF2A2E /* gitDemo */,
				B584E1342046851700CF2A2E /* gitDemoTests */,
				B584E13F2046851700CF2A2E /* gitDemoUITests */,
			);
		};
/* End PBXProject section */

/* Begin PBXResourcesBuildPhase section */
		B584E11B2046851700CF2A2E /* Resources */ = {
			isa = PBXResourcesBuildPhase;
			buildActionMask = 2147483647;
			files = (
				B584E12D2046851700CF2A2E /* LaunchScreen.storyboard in Resources */,
				B584E12A2046851700CF2A2E /* Assets.xcassets in Resources */,
				B584E1282046851700CF2A2E /* Main.storyboard in Resources */,
			);
			runOnlyForDeploymentPostprocessing = 0;
		};
		B584E1332046851700CF2A2E /* Resources */ = {
			isa = PBXResourcesBuildPhase;
			buildActionMask = 2147483647;
			files = (
			);
			runOnlyForDeploymentPostprocessing = 0;
		};
		B584E13E2046851700CF2A2E /* Resources */ = {
			isa = PBXResourcesBuildPhase;
			buildActionMask = 2147483647;
			files = (
			);
			runOnlyForDeploymentPostprocessing = 0;
		};
/* End PBXResourcesBuildPhase section */

/* Begin PBXSourcesBuildPhase section */
		B584E1192046851700CF2A2E /* Sources */ = {
			isa = PBXSourcesBuildPhase;
			buildActionMask = 2147483647;
			files = (
				B584E1252046851700CF2A2E /* ViewController.m in Sources */,
				B584E1302046851700CF2A2E /* main.m in Sources */,
				B53D9ABE20469A5A0091B931 /* TestViewController.m in Sources */,
				B584E1222046851700CF2A2E /* AppDelegate.m in Sources */,
			);
			runOnlyForDeploymentPostprocessing = 0;
		};
		B584E1312046851700CF2A2E /* Sources */ = {
			isa = PBXSourcesBuildPhase;
			buildActionMask = 2147483647;
			files = (
				B584E13A2046851700CF2A2E /* gitDemoTests.m in Sources */,
			);
			runOnlyForDeploymentPostprocessing = 0;
		};
		B584E13C2046851700CF2A2E /* Sources */ = {
			isa = PBXSourcesBuildPhase;
			buildActionMask = 2147483647;
			files = (
				B584E1452046851700CF2A2E /* gitDemoUITests.m in Sources */,
			);
			runOnlyForDeploymentPostprocessing = 0;
		};
/* End PBXSourcesBuildPhase section */

/* Begin PBXTargetDependency section */
		B584E1372046851700CF2A2E /* PBXTargetDependency */ = {
			isa = PBXTargetDependency;
			target = B584E11C2046851700CF2A2E /* gitDemo */;
			targetProxy = B584E1362046851700CF2A2E /* PBXContainerItemProxy */;
		};
		B584E1422046851700CF2A2E /* PBXTargetDependency */ = {
			isa = PBXTargetDependency;
			target = B584E11C2046851700CF2A2E /* gitDemo */;
			targetProxy = B584E1412046851700CF2A2E /* PBXContainerItemProxy */;
		};
/* End PBXTargetDependency section */

/* Begin PBXVariantGroup section */
		B584E1262046851700CF2A2E /* Main.storyboard */ = {
			isa = PBXVariantGroup;
			children = (
				B584E1272046851700CF2A2E /* Base */,
			);
			name = Main.storyboard;
			sourceTree = "<group>";
		};
		B584E12B2046851700CF2A2E /* LaunchScreen.storyboard */ = {
			isa = PBXVariantGroup;
			children = (
				B584E12C2046851700CF2A2E /* Base */,
			);
			name = LaunchScreen.storyboard;
			sourceTree = "<group>";
		};
/* End PBXVariantGroup section */

/* Begin XCBuildConfiguration section */
		B584E1472046851700CF2A2E /* Debug */ = {
			isa = XCBuildConfiguration;
			buildSettings = {
				ALWAYS_SEARCH_USER_PATHS = NO;
				CLANG_ANALYZER_NONNULL = YES;
				CLANG_ANALYZER_NUMBER_OBJECT_CONVERSION = YES_AGGRESSIVE;
				CLANG_CXX_LANGUAGE_STANDARD = "gnu++14";
				CLANG_CXX_LIBRARY = "libc++";
				CLANG_ENABLE_MODULES = YES;
				CLANG_ENABLE_OBJC_ARC = YES;
				CLANG_WARN_BLOCK_CAPTURE_AUTORELEASING = YES;
				CLANG_WARN_BOOL_CONVERSION = YES;
				CLANG_WARN_COMMA = YES;
				CLANG_WARN_CONSTANT_CONVERSION = YES;
				CLANG_WARN_DIRECT_OBJC_ISA_USAGE = YES_ERROR;
				CLANG_WARN_DOCUMENTATION_COMMENTS = YES;
				CLANG_WARN_EMPTY_BODY = YES;
				CLANG_WARN_ENUM_CONVERSION = YES;
				CLANG_WARN_INFINITE_RECURSION = YES;
				CLANG_WARN_INT_CONVERSION = YES;
				CLANG_WARN_NON_LITERAL_NULL_CONVERSION = YES;
				CLANG_WARN_OBJC_LITERAL_CONVERSION = YES;
				CLANG_WARN_OBJC_ROOT_CLASS = YES_ERROR;
				CLANG_WARN_RANGE_LOOP_ANALYSIS = YES;
				CLANG_WARN_STRICT_PROTOTYPES = YES;
				CLANG_WARN_SUSPICIOUS_MOVE = YES;
				CLANG_WARN_UNGUARDED_AVAILABILITY = YES_AGGRESSIVE;
				CLANG_WARN_UNREACHABLE_CODE = YES;
				CLANG_WARN__DUPLICATE_METHOD_MATCH = YES;
				CODE_SIGN_IDENTITY = "iPhone Developer";
				COPY_PHASE_STRIP = NO;
				DEBUG_INFORMATION_FORMAT = dwarf;
				ENABLE_STRICT_OBJC_MSGSEND = YES;
				ENABLE_TESTABILITY = YES;
				GCC_C_LANGUAGE_STANDARD = gnu11;
				GCC_DYNAMIC_NO_PIC = NO;
				GCC_NO_COMMON_BLOCKS = YES;
				GCC_OPTIMIZATION_LEVEL = 0;
				GCC_PREPROCESSOR_DEFINITIONS = (
					"DEBUG=1",
					"$(inherited)",
				);
				GCC_WARN_64_TO_32_BIT_CONVERSION = YES;
				GCC_WARN_ABOUT_RETURN_TYPE = YES_ERROR;
				GCC_WARN_UNDECLARED_SELECTOR = YES;
				GCC_WARN_UNINITIALIZED_AUTOS = YES_AGGRESSIVE;
				GCC_WARN_UNUSED_FUNCTION = YES;
				GCC_WARN_UNUSED_VARIABLE = YES;
				IPHONEOS_DEPLOYMENT_TARGET = 11.2;
				MTL_ENABLE_DEBUG_INFO = YES;
				ONLY_ACTIVE_ARCH = YES;
				SDKROOT = iphoneos;
			};
			name = Debug;
		};
		B584E1482046851700CF2A2E /* Release */ = {
			isa = XCBuildConfiguration;
			buildSettings = {
				ALWAYS_SEARCH_USER_PATHS = NO;
				CLANG_ANALYZER_NONNULL = YES;
				CLANG_ANALYZER_NUMBER_OBJECT_CONVERSION = YES_AGGRESSIVE;
				CLANG_CXX_LANGUAGE_STANDARD = "gnu++14";
				CLANG_CXX_LIBRARY = "libc++";
				CLANG_ENABLE_MODULES = YES;
				CLANG_ENABLE_OBJC_ARC = YES;
				CLANG_WARN_BLOCK_CAPTURE_AUTORELEASING = YES;
				CLANG_WARN_BOOL_CONVERSION = YES;
				CLANG_WARN_COMMA = YES;
				CLANG_WARN_CONSTANT_CONVERSION = YES;
				CLANG_WARN_DIRECT_OBJC_ISA_USAGE = YES_ERROR;
				CLANG_WARN_DOCUMENTATION_COMMENTS = YES;
				CLANG_WARN_EMPTY_BODY = YES;
				CLANG_WARN_ENUM_CONVERSION = YES;
				CLANG_WARN_INFINITE_RECURSION = YES;
				CLANG_WARN_INT_CONVERSION = YES;
				CLANG_WARN_NON_LITERAL_NULL_CONVERSION = YES;
				CLANG_WARN_OBJC_LITERAL_CONVERSION = YES;
				CLANG_WARN_OBJC_ROOT_CLASS = YES_ERROR;
				CLANG_WARN_RANGE_LOOP_ANALYSIS = YES;
				CLANG_WARN_STRICT_PROTOTYPES = YES;
				CLANG_WARN_SUSPICIOUS_MOVE = YES;
				CLANG_WARN_UNGUARDED_AVAILABILITY = YES_AGGRESSIVE;
				CLANG_WARN_UNREACHABLE_CODE = YES;
				CLANG_WARN__DUPLICATE_METHOD_MATCH = YES;
				CODE_SIGN_IDENTITY = "iPhone Developer";
				COPY_PHASE_STRIP = NO;
				DEBUG_INFORMATION_FORMAT = "dwarf-with-dsym";
				ENABLE_NS_ASSERTIONS = NO;
				ENABLE_STRICT_OBJC_MSGSEND = YES;
				GCC_C_LANGUAGE_STANDARD = gnu11;
				GCC_NO_COMMON_BLOCKS = YES;
				GCC_WARN_64_TO_32_BIT_CONVERSION = YES;
				GCC_WARN_ABOUT_RETURN_TYPE = YES_ERROR;
				GCC_WARN_UNDECLARED_SELECTOR = YES;
				GCC_WARN_UNINITIALIZED_AUTOS = YES_AGGRESSIVE;
				GCC_WARN_UNUSED_FUNCTION = YES;
				GCC_WARN_UNUSED_VARIABLE = YES;
				IPHONEOS_DEPLOYMENT_TARGET = 11.2;
				MTL_ENABLE_DEBUG_INFO = NO;
				SDKROOT = iphoneos;
				VALIDATE_PRODUCT = YES;
			};
			name = Release;
		};
		B584E14A2046851700CF2A2E /* Debug */ = {
			isa = XCBuildConfiguration;
			buildSettings = {
				ASSETCATALOG_COMPILER_APPICON_NAME = AppIcon;
				CODE_SIGN_STYLE = Automatic;
				INFOPLIST_FILE = gitDemo/Info.plist;
				LD_RUNPATH_SEARCH_PATHS = "$(inherited) @executable_path/Frameworks";
				PRODUCT_BUNDLE_IDENTIFIER = com.gitDemo;
				PRODUCT_NAME = "$(TARGET_NAME)";
				TARGETED_DEVICE_FAMILY = "1,2";
			};
			name = Debug;
		};
		B584E14B2046851700CF2A2E /* Release */ = {
			isa = XCBuildConfiguration;
			buildSettings = {
				ASSETCATALOG_COMPILER_APPICON_NAME = AppIcon;
				CODE_SIGN_STYLE = Automatic;
				INFOPLIST_FILE = gitDemo/Info.plist;
				LD_RUNPATH_SEARCH_PATHS = "$(inherited) @executable_path/Frameworks";
				PRODUCT_BUNDLE_IDENTIFIER = com.gitDemo;
				PRODUCT_NAME = "$(TARGET_NAME)";
				TARGETED_DEVICE_FAMILY = "1,2";
			};
			name = Release;
		};
		B584E14D2046851700CF2A2E /* Debug */ = {
			isa = XCBuildConfiguration;
			buildSettings = {
				BUNDLE_LOADER = "$(TEST_HOST)";
				CODE_SIGN_STYLE = Automatic;
				INFOPLIST_FILE = gitDemoTests/Info.plist;
				LD_RUNPATH_SEARCH_PATHS = "$(inherited) @executable_path/Frameworks @loader_path/Frameworks";
				PRODUCT_BUNDLE_IDENTIFIER = com.gitDemoTests;
				PRODUCT_NAME = "$(TARGET_NAME)";
				TARGETED_DEVICE_FAMILY = "1,2";
				TEST_HOST = "$(BUILT_PRODUCTS_DIR)/gitDemo.app/gitDemo";
			};
			name = Debug;
		};
		B584E14E2046851700CF2A2E /* Release */ = {
			isa = XCBuildConfiguration;
			buildSettings = {
				BUNDLE_LOADER = "$(TEST_HOST)";
				CODE_SIGN_STYLE = Automatic;
				INFOPLIST_FILE = gitDemoTests/Info.plist;
				LD_RUNPATH_SEARCH_PATHS = "$(inherited) @executable_path/Frameworks @loader_path/Frameworks";
				PRODUCT_BUNDLE_IDENTIFIER = com.gitDemoTests;
				PRODUCT_NAME = "$(TARGET_NAME)";
				TARGETED_DEVICE_FAMILY = "1,2";
				TEST_HOST = "$(BUILT_PRODUCTS_DIR)/gitDemo.app/gitDemo";
			};
			name = Release;
		};
		B584E1502046851700CF2A2E /* Debug */ = {
			isa = XCBuildConfiguration;
			buildSettings = {
				CODE_SIGN_STYLE = Automatic;
				INFOPLIST_FILE = gitDemoUITests/Info.plist;
				LD_RUNPATH_SEARCH_PATHS = "$(inherited) @executable_path/Frameworks @loader_path/Frameworks";
				PRODUCT_BUNDLE_IDENTIFIER = com.gitDemoUITests;
				PRODUCT_NAME = "$(TARGET_NAME)";
				TARGETED_DEVICE_FAMILY = "1,2";
				TEST_TARGET_NAME = gitDemo;
			};
			name = Debug;
		};
		B584E1512046851700CF2A2E /* Release */ = {
			isa = XCBuildConfiguration;
			buildSettings = {
				CODE_SIGN_STYLE = Automatic;
				INFOPLIST_FILE = gitDemoUITests/Info.plist;
				LD_RUNPATH_SEARCH_PATHS = "$(inherited) @executable_path/Frameworks @loader_path/Frameworks";
				PRODUCT_BUNDLE_IDENTIFIER = com.gitDemoUITests;
				PRODUCT_NAME = "$(TARGET_NAME)";
				TARGETED_DEVICE_FAMILY = "1,2";
				TEST_TARGET_NAME = gitDemo;
			};
			name = Release;
		};
/* End XCBuildConfiguration section */

/* Begin XCConfigurationList section */
		B584E1182046851700CF2A2E /* Build configuration list for PBXProject "gitDemo" */ = {
			isa = XCConfigurationList;
			buildConfigurations = (
				B584E1472046851700CF2A2E /* Debug */,
				B584E1482046851700CF2A2E /* Release */,
			);
			defaultConfigurationIsVisible = 0;
			defaultConfigurationName = Release;
		};
		B584E1492046851700CF2A2E /* Build configuration list for PBXNativeTarget "gitDemo" */ = {
			isa = XCConfigurationList;
			buildConfigurations = (
				B584E14A2046851700CF2A2E /* Debug */,
				B584E14B2046851700CF2A2E /* Release */,
			);
			defaultConfigurationIsVisible = 0;
			defaultConfigurationName = Release;
		};
		B584E14C2046851700CF2A2E /* Build configuration list for PBXNativeTarget "gitDemoTests" */ = {
			isa = XCConfigurationList;
			buildConfigurations = (
				B584E14D2046851700CF2A2E /* Debug */,
				B584E14E2046851700CF2A2E /* Release */,
			);
			defaultConfigurationIsVisible = 0;
			defaultConfigurationName = Release;
		};
		B584E14F2046851700CF2A2E /* Build configuration list for PBXNativeTarget "gitDemoUITests" */ = {
			isa = XCConfigurationList;
			buildConfigurations = (
				B584E1502046851700CF2A2E /* Debug */,
				B584E1512046851700CF2A2E /* Release */,
			);
			defaultConfigurationIsVisible = 0;
			defaultConfigurationName = Release;
		};
/* End XCConfigurationList section */
	};
	rootObject = B584E1152046851700CF2A2E /* Project object */;
}
